
Microsoft Visual Studio Solution File, Format Version 12.00
# Visual Studio Version 16
VisualStudioVersion = 16.0.31624.102
MinimumVisualStudioVersion = 10.0.40219.1
Project("{FAE04EC0-301F-11D3-BF4B-00C04F79EFBC}") = "IsmailovaLAB1", "IsmailovaLAB1\IsmailovaLAB1.csproj", "{555F9C1C-BB20-47EC-8DB6-6C732F1918BF}"
EndProject
Global
	GlobalSection(SolutionConfigurationPlatforms) = preSolution
		Debug|Any CPU = Debug|Any CPU
		Release|Any CPU = Release|Any CPU
	EndGlobalSection
	GlobalSection(ProjectConfigurationPlatforms) = postSolution
		{555F9C1C-BB20-47EC-8DB6-6C732F1918BF}.Debug|Any CPU.ActiveCfg = Debug|Any CPU
		{555F9C1C-BB20-47EC-8DB6-6C732F1918BF}.Debug|Any CPU.Build.0 = Debug|Any CPU
		{555F9C1C-BB20-47EC-8DB6-6C732F1918BF}.Release|Any CPU.ActiveCfg = Release|Any CPU
		{555F9C1C-BB20-47EC-8DB6-6C732F1918BF}.Release|Any CPU.Build.0 = Release|Any CPU
	EndGlobalSection
	GlobalSection(SolutionProperties) = preSolution
		HideSolutionNode = FALSE
	EndGlobalSection
	GlobalSection(ExtensibilityGlobals) = postSolution
		SolutionGuid = {FD592112-AE71-4753-B958-1C13CC800719}
	EndGlobalSection
EndGlobal
